{
  "version": 4,
  "terraform_version": "1.9.7",
  "serial": 14,
  "lineage": "25d01622-8f8f-d6ee-5282-15a654fd2de0",
  "outputs": {
    "public_ip_address": {
      "value": "51.13.35.43",
      "type": "string"
    }
  },
  "resources": [
    {
      "mode": "managed",
      "type": "azurerm_linux_virtual_machine",
      "name": "vm",
      "provider": "provider[\"registry.terraform.io/hashicorp/azurerm\"]",
      "instances": [
        {
          "schema_version": 0,
          "attributes": {
            "additional_capabilities": [],
            "admin_password": "P@ssw0rd1234",
            "admin_ssh_key": [
              {
                "public_key": "ssh-rsa AAAAB3NzaC1yc2EAAAADAQABAAABgQCteyextti0Z1M1L6jiAi/7J30uxcmdoEiPPSeqVhOp0ltcABN4vHDDAHItn31zPEBxUr0jsJV8ZKTN/Mco1lIn56nyXaGoShGxefayhohY4x0UYDquzogqP1xPWJO2p24SezgF4qSuGCH2O4Wd/a2KFy3dW60IiU1Gx5rycMuUVBhyE25iyTnoByzfYvvfe7c4n/HwtG0sA9rdbvMVmOJUn9U9BGFZCsDsmGTt0AnP4uwCW0NpaGkHGBqWTLE01ddCR07tzl8Hda4TeYeNF/zNSxqqSIsfA7tdKQ/RL6SMFPZe7i09C+VuYT47f1jZ/ZnliGRo6M/I7NHIsxsGBaoL4tzQLApDXEeWciRQXuNjnrZzSkToYtoSWKJCDxbvhTL5tP9iwspUm6qpFimCI95mewWbyjpo3NsjYJac7Za8n+WggpCWLgkKH5a/jjEYPZnGw7b908wC7zmzlW/4t62b4YAkXS1ug3pRLyIf6lTB0pWOCe+ga45zH2474oNUdVc= martin@DESKTOP-OKRSSGT\r\n",
                "username": "azureuser"
              }
            ],
            "admin_username": "azureuser",
            "allow_extension_operations": true,
            "availability_set_id": "",
            "boot_diagnostics": [],
            "bypass_platform_safety_checks_on_user_schedule_enabled": false,
            "capacity_reservation_group_id": "",
            "computer_name": "SkyVM2",
            "custom_data": null,
            "dedicated_host_group_id": "",
            "dedicated_host_id": "",
            "disable_password_authentication": true,
            "disk_controller_type": "",
            "edge_zone": "",
            "encryption_at_host_enabled": false,
            "eviction_policy": "",
            "extensions_time_budget": "PT1H30M",
            "gallery_application": [],
            "id": "/subscriptions/a8d9ce0d-259f-474d-8d48-10f4d89ba7de/resourceGroups/SkyTjenRG1/providers/Microsoft.Compute/virtualMachines/SkyVM2",
            "identity": [],
            "license_type": "",
            "location": "norwayeast",
            "max_bid_price": -1,
            "name": "SkyVM2",
            "network_interface_ids": [
              "/subscriptions/a8d9ce0d-259f-474d-8d48-10f4d89ba7de/resourceGroups/SkyTjenRG1/providers/Microsoft.Network/networkInterfaces/myNIC"
            ],
            "os_disk": [
              {
                "caching": "ReadWrite",
                "diff_disk_settings": [],
                "disk_encryption_set_id": "",
                "disk_size_gb": 30,
                "name": "SkyVM2_OsDisk_1_8b097e7aaa6743d78b19ae3673a3ad29",
                "secure_vm_disk_encryption_set_id": "",
                "security_encryption_type": "",
                "storage_account_type": "Standard_LRS",
                "write_accelerator_enabled": false
              }
            ],
            "os_image_notification": [],
            "patch_assessment_mode": "ImageDefault",
            "patch_mode": "ImageDefault",
            "plan": [],
            "platform_fault_domain": -1,
            "priority": "Regular",
            "private_ip_address": "10.0.0.5",
            "private_ip_addresses": [
              "10.0.0.5"
            ],
            "provision_vm_agent": true,
            "proximity_placement_group_id": "",
            "public_ip_address": "51.13.35.43",
            "public_ip_addresses": [
              "51.13.35.43"
            ],
            "reboot_setting": "",
            "resource_group_name": "SkyTjenRG1",
            "secret": [],
            "secure_boot_enabled": false,
            "size": "Standard_DS1_v2",
            "source_image_id": "",
            "source_image_reference": [
              {
                "offer": "UbuntuServer",
                "publisher": "Canonical",
                "sku": "18.04-LTS",
                "version": "latest"
              }
            ],
            "tags": null,
            "termination_notification": null,
            "timeouts": null,
            "user_data": "",
            "virtual_machine_id": "18acdf4c-cbce-45eb-8045-34b36e9aa611",
            "virtual_machine_scale_set_id": "",
            "vm_agent_platform_updates_enabled": false,
            "vtpm_enabled": false,
            "zone": ""
          },
          "sensitive_attributes": [
            [
              {
                "type": "get_attr",
                "value": "admin_password"
              }
            ],
            [
              {
                "type": "get_attr",
                "value": "custom_data"
              }
            ]
          ],
          "private": "eyJlMmJmYjczMC1lY2FhLTExZTYtOGY4OC0zNDM2M2JjN2M0YzAiOnsiY3JlYXRlIjoyNzAwMDAwMDAwMDAwLCJkZWxldGUiOjI3MDAwMDAwMDAwMDAsInJlYWQiOjMwMDAwMDAwMDAwMCwidXBkYXRlIjoyNzAwMDAwMDAwMDAwfX0=",
          "dependencies": [
            "azurerm_network_interface.nic",
            "azurerm_public_ip.publicIP",
            "azurerm_resource_group.Gruppe1",
            "azurerm_subnet.Subnet1",
            "azurerm_virtual_network.Nettverk1"
          ]
        }
      ]
    },
    {
      "mode": "managed",
      "type": "azurerm_network_interface",
      "name": "Interface1",
      "provider": "provider[\"registry.terraform.io/hashicorp/azurerm\"]",
      "instances": [
        {
          "schema_version": 0,
          "attributes": {
            "accelerated_networking_enabled": false,
            "applied_dns_servers": [],
            "auxiliary_mode": "",
            "auxiliary_sku": "",
            "dns_servers": [],
            "edge_zone": "",
            "id": "/subscriptions/a8d9ce0d-259f-474d-8d48-10f4d89ba7de/resourceGroups/SkyTjenRG1/providers/Microsoft.Network/networkInterfaces/SkyTjenNIC1",
            "internal_dns_name_label": "",
            "internal_domain_name_suffix": "hxrxhqqd44iepjspgkm3jxd52a.oslx.internal.cloudapp.net",
            "ip_configuration": [
              {
                "gateway_load_balancer_frontend_ip_configuration_id": "",
                "name": "SkyTjenIP1",
                "primary": true,
                "private_ip_address": "10.0.0.4",
                "private_ip_address_allocation": "Dynamic",
                "private_ip_address_version": "IPv4",
                "public_ip_address_id": "",
                "subnet_id": "/subscriptions/a8d9ce0d-259f-474d-8d48-10f4d89ba7de/resourceGroups/SkyTjenRG1/providers/Microsoft.Network/virtualNetworks/SkyTjenVNet1/subnets/SkyTjenSubnet1"
              }
            ],
            "ip_forwarding_enabled": false,
            "location": "norwayeast",
            "mac_address": "",
            "name": "SkyTjenNIC1",
            "private_ip_address": "10.0.0.4",
            "private_ip_addresses": [
              "10.0.0.4"
            ],
            "resource_group_name": "SkyTjenRG1",
            "tags": {},
            "timeouts": null,
            "virtual_machine_id": ""
          },
          "sensitive_attributes": [],
          "private": "eyJlMmJmYjczMC1lY2FhLTExZTYtOGY4OC0zNDM2M2JjN2M0YzAiOnsiY3JlYXRlIjoxODAwMDAwMDAwMDAwLCJkZWxldGUiOjE4MDAwMDAwMDAwMDAsInJlYWQiOjMwMDAwMDAwMDAwMCwidXBkYXRlIjoxODAwMDAwMDAwMDAwfX0=",
          "dependencies": [
            "azurerm_resource_group.Gruppe1",
            "azurerm_subnet.Subnet1",
            "azurerm_virtual_network.Nettverk1"
          ]
        }
      ]
    },
    {
      "mode": "managed",
      "type": "azurerm_network_interface",
      "name": "nic",
      "provider": "provider[\"registry.terraform.io/hashicorp/azurerm\"]",
      "instances": [
        {
          "schema_version": 0,
          "attributes": {
            "accelerated_networking_enabled": false,
            "applied_dns_servers": [],
            "auxiliary_mode": "",
            "auxiliary_sku": "",
            "dns_servers": null,
            "edge_zone": "",
            "id": "/subscriptions/a8d9ce0d-259f-474d-8d48-10f4d89ba7de/resourceGroups/SkyTjenRG1/providers/Microsoft.Network/networkInterfaces/myNIC",
            "internal_dns_name_label": "",
            "internal_domain_name_suffix": "hxrxhqqd44iepjspgkm3jxd52a.oslx.internal.cloudapp.net",
            "ip_configuration": [
              {
                "gateway_load_balancer_frontend_ip_configuration_id": "",
                "name": "myNICConfiguration",
                "primary": true,
                "private_ip_address": "10.0.0.5",
                "private_ip_address_allocation": "Dynamic",
                "private_ip_address_version": "IPv4",
                "public_ip_address_id": "/subscriptions/a8d9ce0d-259f-474d-8d48-10f4d89ba7de/resourceGroups/SkyTjenRG1/providers/Microsoft.Network/publicIPAddresses/myPublicIP",
                "subnet_id": "/subscriptions/a8d9ce0d-259f-474d-8d48-10f4d89ba7de/resourceGroups/SkyTjenRG1/providers/Microsoft.Network/virtualNetworks/SkyTjenVNet1/subnets/SkyTjenSubnet1"
              }
            ],
            "ip_forwarding_enabled": false,
            "location": "norwayeast",
            "mac_address": "",
            "name": "myNIC",
            "private_ip_address": "10.0.0.5",
            "private_ip_addresses": [
              "10.0.0.5"
            ],
            "resource_group_name": "SkyTjenRG1",
            "tags": null,
            "timeouts": null,
            "virtual_machine_id": ""
          },
          "sensitive_attributes": [],
          "private": "eyJlMmJmYjczMC1lY2FhLTExZTYtOGY4OC0zNDM2M2JjN2M0YzAiOnsiY3JlYXRlIjoxODAwMDAwMDAwMDAwLCJkZWxldGUiOjE4MDAwMDAwMDAwMDAsInJlYWQiOjMwMDAwMDAwMDAwMCwidXBkYXRlIjoxODAwMDAwMDAwMDAwfX0=",
          "dependencies": [
            "azurerm_public_ip.publicIP",
            "azurerm_resource_group.Gruppe1",
            "azurerm_subnet.Subnet1",
            "azurerm_virtual_network.Nettverk1"
          ]
        }
      ]
    },
    {
      "mode": "managed",
      "type": "azurerm_network_interface_security_group_association",
      "name": "nsg_association",
      "provider": "provider[\"registry.terraform.io/hashicorp/azurerm\"]",
      "instances": [
        {
          "schema_version": 0,
          "attributes": {
            "id": "/subscriptions/a8d9ce0d-259f-474d-8d48-10f4d89ba7de/resourceGroups/SkyTjenRG1/providers/Microsoft.Network/networkInterfaces/myNIC|/subscriptions/a8d9ce0d-259f-474d-8d48-10f4d89ba7de/resourceGroups/SkyTjenRG1/providers/Microsoft.Network/networkSecurityGroups/myNSG",
            "network_interface_id": "/subscriptions/a8d9ce0d-259f-474d-8d48-10f4d89ba7de/resourceGroups/SkyTjenRG1/providers/Microsoft.Network/networkInterfaces/myNIC",
            "network_security_group_id": "/subscriptions/a8d9ce0d-259f-474d-8d48-10f4d89ba7de/resourceGroups/SkyTjenRG1/providers/Microsoft.Network/networkSecurityGroups/myNSG",
            "timeouts": null
          },
          "sensitive_attributes": [],
          "private": "eyJlMmJmYjczMC1lY2FhLTExZTYtOGY4OC0zNDM2M2JjN2M0YzAiOnsiY3JlYXRlIjoxODAwMDAwMDAwMDAwLCJkZWxldGUiOjE4MDAwMDAwMDAwMDAsInJlYWQiOjMwMDAwMDAwMDAwMH19",
          "dependencies": [
            "azurerm_network_interface.nic",
            "azurerm_network_security_group.nsg",
            "azurerm_public_ip.publicIP",
            "azurerm_resource_group.Gruppe1",
            "azurerm_subnet.Subnet1",
            "azurerm_virtual_network.Nettverk1"
          ]
        }
      ]
    },
    {
      "mode": "managed",
      "type": "azurerm_network_security_group",
      "name": "nsg",
      "provider": "provider[\"registry.terraform.io/hashicorp/azurerm\"]",
      "instances": [
        {
          "schema_version": 0,
          "attributes": {
            "id": "/subscriptions/a8d9ce0d-259f-474d-8d48-10f4d89ba7de/resourceGroups/SkyTjenRG1/providers/Microsoft.Network/networkSecurityGroups/myNSG",
            "location": "norwayeast",
            "name": "myNSG",
            "resource_group_name": "SkyTjenRG1",
            "security_rule": [
              {
                "access": "Allow",
                "description": "",
                "destination_address_prefix": "*",
                "destination_address_prefixes": [],
                "destination_application_security_group_ids": [],
                "destination_port_range": "22",
                "destination_port_ranges": [],
                "direction": "Inbound",
                "name": "AllowSSH",
                "priority": 1001,
                "protocol": "Tcp",
                "source_address_prefix": "*",
                "source_address_prefixes": [],
                "source_application_security_group_ids": [],
                "source_port_range": "*",
                "source_port_ranges": []
              }
            ],
            "tags": null,
            "timeouts": null
          },
          "sensitive_attributes": [],
          "private": "eyJlMmJmYjczMC1lY2FhLTExZTYtOGY4OC0zNDM2M2JjN2M0YzAiOnsiY3JlYXRlIjoxODAwMDAwMDAwMDAwLCJkZWxldGUiOjE4MDAwMDAwMDAwMDAsInJlYWQiOjMwMDAwMDAwMDAwMCwidXBkYXRlIjoxODAwMDAwMDAwMDAwfX0=",
          "dependencies": [
            "azurerm_resource_group.Gruppe1"
          ]
        }
      ]
    },
    {
      "mode": "managed",
      "type": "azurerm_public_ip",
      "name": "publicIP",
      "provider": "provider[\"registry.terraform.io/hashicorp/azurerm\"]",
      "instances": [
        {
          "schema_version": 0,
          "attributes": {
            "allocation_method": "Static",
            "ddos_protection_mode": "VirtualNetworkInherited",
            "ddos_protection_plan_id": null,
            "domain_name_label": null,
            "edge_zone": "",
            "fqdn": null,
            "id": "/subscriptions/a8d9ce0d-259f-474d-8d48-10f4d89ba7de/resourceGroups/SkyTjenRG1/providers/Microsoft.Network/publicIPAddresses/myPublicIP",
            "idle_timeout_in_minutes": 4,
            "ip_address": "51.13.35.43",
            "ip_tags": null,
            "ip_version": "IPv4",
            "location": "norwayeast",
            "name": "myPublicIP",
            "public_ip_prefix_id": null,
            "resource_group_name": "SkyTjenRG1",
            "reverse_fqdn": null,
            "sku": "Standard",
            "sku_tier": "Regional",
            "tags": null,
            "timeouts": null,
            "zones": null
          },
          "sensitive_attributes": [],
          "private": "eyJlMmJmYjczMC1lY2FhLTExZTYtOGY4OC0zNDM2M2JjN2M0YzAiOnsiY3JlYXRlIjoxODAwMDAwMDAwMDAwLCJkZWxldGUiOjE4MDAwMDAwMDAwMDAsInJlYWQiOjMwMDAwMDAwMDAwMCwidXBkYXRlIjoxODAwMDAwMDAwMDAwfX0=",
          "dependencies": [
            "azurerm_resource_group.Gruppe1"
          ]
        }
      ]
    },
    {
      "mode": "managed",
      "type": "azurerm_resource_group",
      "name": "Gruppe1",
      "provider": "provider[\"registry.terraform.io/hashicorp/azurerm\"]",
      "instances": [
        {
          "schema_version": 0,
          "attributes": {
            "id": "/subscriptions/a8d9ce0d-259f-474d-8d48-10f4d89ba7de/resourceGroups/SkyTjenRG1",
            "location": "norwayeast",
            "managed_by": "",
            "name": "SkyTjenRG1",
            "tags": {},
            "timeouts": null
          },
          "sensitive_attributes": [],
          "private": "eyJlMmJmYjczMC1lY2FhLTExZTYtOGY4OC0zNDM2M2JjN2M0YzAiOnsiY3JlYXRlIjo1NDAwMDAwMDAwMDAwLCJkZWxldGUiOjU0MDAwMDAwMDAwMDAsInJlYWQiOjMwMDAwMDAwMDAwMCwidXBkYXRlIjo1NDAwMDAwMDAwMDAwfX0="
        }
      ]
    },
    {
      "mode": "managed",
      "type": "azurerm_ssh_public_key",
      "name": "example",
      "provider": "provider[\"registry.terraform.io/hashicorp/azurerm\"]",
      "instances": [
        {
          "schema_version": 0,
          "attributes": {
            "id": "/subscriptions/a8d9ce0d-259f-474d-8d48-10f4d89ba7de/resourceGroups/SkyTjenRG1/providers/Microsoft.Compute/sshPublicKeys/SkyVM2_ssh_key",
            "location": "norwayeast",
            "name": "SkyVM2_ssh_key",
            "public_key": "ssh-rsa AAAAB3NzaC1yc2EAAAADAQABAAABgQCteyextti0Z1M1L6jiAi/7J30uxcmdoEiPPSeqVhOp0ltcABN4vHDDAHItn31zPEBxUr0jsJV8ZKTN/Mco1lIn56nyXaGoShGxefayhohY4x0UYDquzogqP1xPWJO2p24SezgF4qSuGCH2O4Wd/a2KFy3dW60IiU1Gx5rycMuUVBhyE25iyTnoByzfYvvfe7c4n/HwtG0sA9rdbvMVmOJUn9U9BGFZCsDsmGTt0AnP4uwCW0NpaGkHGBqWTLE01ddCR07tzl8Hda4TeYeNF/zNSxqqSIsfA7tdKQ/RL6SMFPZe7i09C+VuYT47f1jZ/ZnliGRo6M/I7NHIsxsGBaoL4tzQLApDXEeWciRQXuNjnrZzSkToYtoSWKJCDxbvhTL5tP9iwspUm6qpFimCI95mewWbyjpo3NsjYJac7Za8n+WggpCWLgkKH5a/jjEYPZnGw7b908wC7zmzlW/4t62b4YAkXS1ug3pRLyIf6lTB0pWOCe+ga45zH2474oNUdVc= martin@DESKTOP-OKRSSGT\r\n",
            "resource_group_name": "SkyTjenRG1",
            "tags": null,
            "timeouts": null
          },
          "sensitive_attributes": [],
          "private": "eyJlMmJmYjczMC1lY2FhLTExZTYtOGY4OC0zNDM2M2JjN2M0YzAiOnsiY3JlYXRlIjoyNzAwMDAwMDAwMDAwLCJkZWxldGUiOjI3MDAwMDAwMDAwMDAsInJlYWQiOjMwMDAwMDAwMDAwMCwidXBkYXRlIjoyNzAwMDAwMDAwMDAwfX0=",
          "dependencies": [
            "azurerm_resource_group.Gruppe1"
          ]
        }
      ]
    },
    {
      "mode": "managed",
      "type": "azurerm_subnet",
      "name": "Subnet1",
      "provider": "provider[\"registry.terraform.io/hashicorp/azurerm\"]",
      "instances": [
        {
          "schema_version": 0,
          "attributes": {
            "address_prefixes": [
              "10.0.0.0/26"
            ],
            "default_outbound_access_enabled": true,
            "delegation": [],
            "id": "/subscriptions/a8d9ce0d-259f-474d-8d48-10f4d89ba7de/resourceGroups/SkyTjenRG1/providers/Microsoft.Network/virtualNetworks/SkyTjenVNet1/subnets/SkyTjenSubnet1",
            "name": "SkyTjenSubnet1",
            "private_endpoint_network_policies": "Disabled",
            "private_link_service_network_policies_enabled": true,
            "resource_group_name": "SkyTjenRG1",
            "service_endpoint_policy_ids": [],
            "service_endpoints": [],
            "timeouts": null,
            "virtual_network_name": "SkyTjenVNet1"
          },
          "sensitive_attributes": [],
          "private": "eyJlMmJmYjczMC1lY2FhLTExZTYtOGY4OC0zNDM2M2JjN2M0YzAiOnsiY3JlYXRlIjoxODAwMDAwMDAwMDAwLCJkZWxldGUiOjE4MDAwMDAwMDAwMDAsInJlYWQiOjMwMDAwMDAwMDAwMCwidXBkYXRlIjoxODAwMDAwMDAwMDAwfX0=",
          "dependencies": [
            "azurerm_resource_group.Gruppe1",
            "azurerm_virtual_network.Nettverk1"
          ]
        }
      ]
    },
    {
      "mode": "managed",
      "type": "azurerm_subnet",
      "name": "Subnet2",
      "provider": "provider[\"registry.terraform.io/hashicorp/azurerm\"]",
      "instances": [
        {
          "schema_version": 0,
          "attributes": {
            "address_prefixes": [
              "10.0.0.64/26"
            ],
            "default_outbound_access_enabled": true,
            "delegation": [],
            "id": "/subscriptions/a8d9ce0d-259f-474d-8d48-10f4d89ba7de/resourceGroups/SkyTjenRG1/providers/Microsoft.Network/virtualNetworks/SkyTjenVNet1/subnets/SkyTjenSubnet2",
            "name": "SkyTjenSubnet2",
            "private_endpoint_network_policies": "Disabled",
            "private_link_service_network_policies_enabled": true,
            "resource_group_name": "SkyTjenRG1",
            "service_endpoint_policy_ids": [],
            "service_endpoints": [],
            "timeouts": null,
            "virtual_network_name": "SkyTjenVNet1"
          },
          "sensitive_attributes": [],
          "private": "eyJlMmJmYjczMC1lY2FhLTExZTYtOGY4OC0zNDM2M2JjN2M0YzAiOnsiY3JlYXRlIjoxODAwMDAwMDAwMDAwLCJkZWxldGUiOjE4MDAwMDAwMDAwMDAsInJlYWQiOjMwMDAwMDAwMDAwMCwidXBkYXRlIjoxODAwMDAwMDAwMDAwfX0=",
          "dependencies": [
            "azurerm_resource_group.Gruppe1",
            "azurerm_virtual_network.Nettverk1"
          ]
        }
      ]
    },
    {
      "mode": "managed",
      "type": "azurerm_virtual_network",
      "name": "Nettverk1",
      "provider": "provider[\"registry.terraform.io/hashicorp/azurerm\"]",
      "instances": [
        {
          "schema_version": 0,
          "attributes": {
            "address_space": [
              "10.0.0.0/24"
            ],
            "bgp_community": "",
            "ddos_protection_plan": [],
            "dns_servers": [],
            "edge_zone": "",
            "encryption": [],
            "flow_timeout_in_minutes": 0,
            "guid": "c273e33d-f703-4790-a64f-3299d4dc7fe0",
            "id": "/subscriptions/a8d9ce0d-259f-474d-8d48-10f4d89ba7de/resourceGroups/SkyTjenRG1/providers/Microsoft.Network/virtualNetworks/SkyTjenVNet1",
            "location": "norwayeast",
            "name": "SkyTjenVNet1",
            "resource_group_name": "SkyTjenRG1",
            "subnet": [
              {
                "address_prefixes": [
                  "10.0.0.0/26"
                ],
                "default_outbound_access_enabled": true,
                "delegation": [],
                "id": "/subscriptions/a8d9ce0d-259f-474d-8d48-10f4d89ba7de/resourceGroups/SkyTjenRG1/providers/Microsoft.Network/virtualNetworks/SkyTjenVNet1/subnets/SkyTjenSubnet1",
                "name": "SkyTjenSubnet1",
                "private_endpoint_network_policies": "Disabled",
                "private_link_service_network_policies_enabled": true,
                "route_table_id": "",
                "security_group": "",
                "service_endpoint_policy_ids": [],
                "service_endpoints": []
              },
              {
                "address_prefixes": [
                  "10.0.0.64/26"
                ],
                "default_outbound_access_enabled": true,
                "delegation": [],
                "id": "/subscriptions/a8d9ce0d-259f-474d-8d48-10f4d89ba7de/resourceGroups/SkyTjenRG1/providers/Microsoft.Network/virtualNetworks/SkyTjenVNet1/subnets/SkyTjenSubnet2",
                "name": "SkyTjenSubnet2",
                "private_endpoint_network_policies": "Disabled",
                "private_link_service_network_policies_enabled": true,
                "route_table_id": "",
                "security_group": "",
                "service_endpoint_policy_ids": [],
                "service_endpoints": []
              }
            ],
            "tags": {},
            "timeouts": null
          },
          "sensitive_attributes": [],
          "private": "eyJlMmJmYjczMC1lY2FhLTExZTYtOGY4OC0zNDM2M2JjN2M0YzAiOnsiY3JlYXRlIjoxODAwMDAwMDAwMDAwLCJkZWxldGUiOjE4MDAwMDAwMDAwMDAsInJlYWQiOjMwMDAwMDAwMDAwMCwidXBkYXRlIjoxODAwMDAwMDAwMDAwfX0=",
          "dependencies": [
            "azurerm_resource_group.Gruppe1"
          ]
        }
      ]
    }
  ],
  "check_results": null
}
