{
  "version": 4,
  "terraform_version": "1.9.7",
  "serial": 30,
  "lineage": "a522783b-6384-213f-e016-f827c924a552",
  "outputs": {
    "public_ip_address": {
      "value": "51.13.182.245",
      "type": "string"
    }
  },
  "resources": [
    {
      "mode": "managed",
      "type": "azurerm_linux_virtual_machine",
      "name": "vm",
      "provider": "provider[\"registry.terraform.io/hashicorp/azurerm\"]",
      "instances": [
        {
          "schema_version": 0,
          "attributes": {
            "additional_capabilities": [],
            "admin_password": "P@ssw0rd1234",
            "admin_ssh_key": [
              {
                "public_key": "ssh-rsa AAAAB3NzaC1yc2EAAAADAQABAAABgQCteyextti0Z1M1L6jiAi/7J30uxcmdoEiPPSeqVhOp0ltcABN4vHDDAHItn31zPEBxUr0jsJV8ZKTN/Mco1lIn56nyXaGoShGxefayhohY4x0UYDquzogqP1xPWJO2p24SezgF4qSuGCH2O4Wd/a2KFy3dW60IiU1Gx5rycMuUVBhyE25iyTnoByzfYvvfe7c4n/HwtG0sA9rdbvMVmOJUn9U9BGFZCsDsmGTt0AnP4uwCW0NpaGkHGBqWTLE01ddCR07tzl8Hda4TeYeNF/zNSxqqSIsfA7tdKQ/RL6SMFPZe7i09C+VuYT47f1jZ/ZnliGRo6M/I7NHIsxsGBaoL4tzQLApDXEeWciRQXuNjnrZzSkToYtoSWKJCDxbvhTL5tP9iwspUm6qpFimCI95mewWbyjpo3NsjYJac7Za8n+WggpCWLgkKH5a/jjEYPZnGw7b908wC7zmzlW/4t62b4YAkXS1ug3pRLyIf6lTB0pWOCe+ga45zH2474oNUdVc= martin@DESKTOP-OKRSSGT\r\n",
                "username": "azureuser1"
              }
            ],
            "admin_username": "azureuser1",
            "allow_extension_operations": true,
            "availability_set_id": "",
            "boot_diagnostics": [],
            "bypass_platform_safety_checks_on_user_schedule_enabled": false,
            "capacity_reservation_group_id": "",
            "computer_name": "SkyVM1",
            "custom_data": null,
            "dedicated_host_group_id": "",
            "dedicated_host_id": "",
            "disable_password_authentication": true,
            "disk_controller_type": "",
            "edge_zone": "",
            "encryption_at_host_enabled": false,
            "eviction_policy": "",
            "extensions_time_budget": "PT1H30M",
            "gallery_application": [],
            "id": "/subscriptions/a8d9ce0d-259f-474d-8d48-10f4d89ba7de/resourceGroups/SkyVM1_rg/providers/Microsoft.Compute/virtualMachines/SkyVM1",
            "identity": [],
            "license_type": "",
            "location": "norwayeast",
            "max_bid_price": -1,
            "name": "SkyVM1",
            "network_interface_ids": [
              "/subscriptions/a8d9ce0d-259f-474d-8d48-10f4d89ba7de/resourceGroups/SkyVM1_rg/providers/Microsoft.Network/networkInterfaces/SkyVM1_nic"
            ],
            "os_disk": [
              {
                "caching": "ReadWrite",
                "diff_disk_settings": [],
                "disk_encryption_set_id": "",
                "disk_size_gb": 30,
                "name": "SkyVM1_disk1_2d1acfa9ecaa45a7a867e00be43e4268",
                "secure_vm_disk_encryption_set_id": "",
                "security_encryption_type": "",
                "storage_account_type": "Standard_LRS",
                "write_accelerator_enabled": false
              }
            ],
            "os_image_notification": [],
            "patch_assessment_mode": "ImageDefault",
            "patch_mode": "ImageDefault",
            "plan": [],
            "platform_fault_domain": -1,
            "priority": "Regular",
            "private_ip_address": "10.0.1.4",
            "private_ip_addresses": [
              "10.0.1.4"
            ],
            "provision_vm_agent": true,
            "proximity_placement_group_id": "",
            "public_ip_address": "51.13.182.245",
            "public_ip_addresses": [
              "51.13.182.245"
            ],
            "reboot_setting": "",
            "resource_group_name": "SkyVM1_rg",
            "secret": [],
            "secure_boot_enabled": false,
            "size": "Standard_DS1_v2",
            "source_image_id": "",
            "source_image_reference": [
              {
                "offer": "UbuntuServer",
                "publisher": "Canonical",
                "sku": "18.04-LTS",
                "version": "latest"
              }
            ],
            "tags": {},
            "termination_notification": [],
            "timeouts": null,
            "user_data": "",
            "virtual_machine_id": "5cf48b8a-2e1c-424e-8b06-3f163df99db1",
            "virtual_machine_scale_set_id": "",
            "vm_agent_platform_updates_enabled": false,
            "vtpm_enabled": false,
            "zone": ""
          },
          "sensitive_attributes": [
            [
              {
                "type": "get_attr",
                "value": "custom_data"
              }
            ],
            [
              {
                "type": "get_attr",
                "value": "admin_password"
              }
            ]
          ],
          "private": "eyJlMmJmYjczMC1lY2FhLTExZTYtOGY4OC0zNDM2M2JjN2M0YzAiOnsiY3JlYXRlIjoyNzAwMDAwMDAwMDAwLCJkZWxldGUiOjI3MDAwMDAwMDAwMDAsInJlYWQiOjMwMDAwMDAwMDAwMCwidXBkYXRlIjoyNzAwMDAwMDAwMDAwfX0=",
          "dependencies": [
            "azurerm_network_interface.nic",
            "azurerm_public_ip.publicIP",
            "azurerm_resource_group.rg",
            "azurerm_subnet.subnet",
            "azurerm_virtual_network.vnet"
          ]
        }
      ]
    },
    {
      "mode": "managed",
      "type": "azurerm_network_interface",
      "name": "nic",
      "provider": "provider[\"registry.terraform.io/hashicorp/azurerm\"]",
      "instances": [
        {
          "schema_version": 0,
          "attributes": {
            "accelerated_networking_enabled": false,
            "applied_dns_servers": [],
            "auxiliary_mode": "",
            "auxiliary_sku": "",
            "dns_servers": [],
            "edge_zone": "",
            "id": "/subscriptions/a8d9ce0d-259f-474d-8d48-10f4d89ba7de/resourceGroups/SkyVM1_rg/providers/Microsoft.Network/networkInterfaces/SkyVM1_nic",
            "internal_dns_name_label": "",
            "internal_domain_name_suffix": "4we4opzuq4he5jgx21141qlvvf.oslx.internal.cloudapp.net",
            "ip_configuration": [
              {
                "gateway_load_balancer_frontend_ip_configuration_id": "",
                "name": "SkyVM1_nic_config",
                "primary": true,
                "private_ip_address": "10.0.1.4",
                "private_ip_address_allocation": "Dynamic",
                "private_ip_address_version": "IPv4",
                "public_ip_address_id": "/subscriptions/a8d9ce0d-259f-474d-8d48-10f4d89ba7de/resourceGroups/SkyVM1_rg/providers/Microsoft.Network/publicIPAddresses/SkyVM1_publicIP",
                "subnet_id": "/subscriptions/a8d9ce0d-259f-474d-8d48-10f4d89ba7de/resourceGroups/SkyVM1_rg/providers/Microsoft.Network/virtualNetworks/SkyVM1_vnet/subnets/SkyVM1_subnet"
              }
            ],
            "ip_forwarding_enabled": false,
            "location": "norwayeast",
            "mac_address": "00-22-48-DD-1A-65",
            "name": "SkyVM1_nic",
            "private_ip_address": "10.0.1.4",
            "private_ip_addresses": [
              "10.0.1.4"
            ],
            "resource_group_name": "SkyVM1_rg",
            "tags": {},
            "timeouts": null,
            "virtual_machine_id": "/subscriptions/a8d9ce0d-259f-474d-8d48-10f4d89ba7de/resourceGroups/SkyVM1_rg/providers/Microsoft.Compute/virtualMachines/SkyVM1"
          },
          "sensitive_attributes": [],
          "private": "eyJlMmJmYjczMC1lY2FhLTExZTYtOGY4OC0zNDM2M2JjN2M0YzAiOnsiY3JlYXRlIjoxODAwMDAwMDAwMDAwLCJkZWxldGUiOjE4MDAwMDAwMDAwMDAsInJlYWQiOjMwMDAwMDAwMDAwMCwidXBkYXRlIjoxODAwMDAwMDAwMDAwfX0=",
          "dependencies": [
            "azurerm_public_ip.publicIP",
            "azurerm_resource_group.rg",
            "azurerm_subnet.subnet",
            "azurerm_virtual_network.vnet"
          ]
        }
      ]
    },
    {
      "mode": "managed",
      "type": "azurerm_network_interface_security_group_association",
      "name": "nsg_association",
      "provider": "provider[\"registry.terraform.io/hashicorp/azurerm\"]",
      "instances": [
        {
          "schema_version": 0,
          "attributes": {
            "id": "/subscriptions/a8d9ce0d-259f-474d-8d48-10f4d89ba7de/resourceGroups/SkyVM1_rg/providers/Microsoft.Network/networkInterfaces/SkyVM1_nic|/subscriptions/a8d9ce0d-259f-474d-8d48-10f4d89ba7de/resourceGroups/SkyVM1_rg/providers/Microsoft.Network/networkSecurityGroups/SkyVM1_nsg",
            "network_interface_id": "/subscriptions/a8d9ce0d-259f-474d-8d48-10f4d89ba7de/resourceGroups/SkyVM1_rg/providers/Microsoft.Network/networkInterfaces/SkyVM1_nic",
            "network_security_group_id": "/subscriptions/a8d9ce0d-259f-474d-8d48-10f4d89ba7de/resourceGroups/SkyVM1_rg/providers/Microsoft.Network/networkSecurityGroups/SkyVM1_nsg",
            "timeouts": null
          },
          "sensitive_attributes": [],
          "private": "eyJlMmJmYjczMC1lY2FhLTExZTYtOGY4OC0zNDM2M2JjN2M0YzAiOnsiY3JlYXRlIjoxODAwMDAwMDAwMDAwLCJkZWxldGUiOjE4MDAwMDAwMDAwMDAsInJlYWQiOjMwMDAwMDAwMDAwMH19",
          "dependencies": [
            "azurerm_network_interface.nic",
            "azurerm_network_security_group.nsg",
            "azurerm_public_ip.publicIP",
            "azurerm_resource_group.rg",
            "azurerm_subnet.subnet",
            "azurerm_virtual_network.vnet"
          ]
        }
      ]
    },
    {
      "mode": "managed",
      "type": "azurerm_network_security_group",
      "name": "nsg",
      "provider": "provider[\"registry.terraform.io/hashicorp/azurerm\"]",
      "instances": [
        {
          "schema_version": 0,
          "attributes": {
            "id": "/subscriptions/a8d9ce0d-259f-474d-8d48-10f4d89ba7de/resourceGroups/SkyVM1_rg/providers/Microsoft.Network/networkSecurityGroups/SkyVM1_nsg",
            "location": "norwayeast",
            "name": "SkyVM1_nsg",
            "resource_group_name": "SkyVM1_rg",
            "security_rule": [
              {
                "access": "Allow",
                "description": "",
                "destination_address_prefix": "*",
                "destination_address_prefixes": [],
                "destination_application_security_group_ids": [],
                "destination_port_range": "22",
                "destination_port_ranges": [],
                "direction": "Inbound",
                "name": "AllowSSH",
                "priority": 1001,
                "protocol": "Tcp",
                "source_address_prefix": "*",
                "source_address_prefixes": [],
                "source_application_security_group_ids": [],
                "source_port_range": "*",
                "source_port_ranges": []
              }
            ],
            "tags": {},
            "timeouts": null
          },
          "sensitive_attributes": [],
          "private": "eyJlMmJmYjczMC1lY2FhLTExZTYtOGY4OC0zNDM2M2JjN2M0YzAiOnsiY3JlYXRlIjoxODAwMDAwMDAwMDAwLCJkZWxldGUiOjE4MDAwMDAwMDAwMDAsInJlYWQiOjMwMDAwMDAwMDAwMCwidXBkYXRlIjoxODAwMDAwMDAwMDAwfX0=",
          "dependencies": [
            "azurerm_resource_group.rg"
          ]
        }
      ]
    },
    {
      "mode": "managed",
      "type": "azurerm_public_ip",
      "name": "publicIP",
      "provider": "provider[\"registry.terraform.io/hashicorp/azurerm\"]",
      "instances": [
        {
          "schema_version": 0,
          "attributes": {
            "allocation_method": "Static",
            "ddos_protection_mode": "VirtualNetworkInherited",
            "ddos_protection_plan_id": null,
            "domain_name_label": null,
            "edge_zone": "",
            "fqdn": null,
            "id": "/subscriptions/a8d9ce0d-259f-474d-8d48-10f4d89ba7de/resourceGroups/SkyVM1_rg/providers/Microsoft.Network/publicIPAddresses/SkyVM1_publicIP",
            "idle_timeout_in_minutes": 4,
            "ip_address": "51.13.182.245",
            "ip_tags": {},
            "ip_version": "IPv4",
            "location": "norwayeast",
            "name": "SkyVM1_publicIP",
            "public_ip_prefix_id": null,
            "resource_group_name": "SkyVM1_rg",
            "reverse_fqdn": null,
            "sku": "Standard",
            "sku_tier": "Regional",
            "tags": {},
            "timeouts": null,
            "zones": []
          },
          "sensitive_attributes": [],
          "private": "eyJlMmJmYjczMC1lY2FhLTExZTYtOGY4OC0zNDM2M2JjN2M0YzAiOnsiY3JlYXRlIjoxODAwMDAwMDAwMDAwLCJkZWxldGUiOjE4MDAwMDAwMDAwMDAsInJlYWQiOjMwMDAwMDAwMDAwMCwidXBkYXRlIjoxODAwMDAwMDAwMDAwfX0=",
          "dependencies": [
            "azurerm_resource_group.rg"
          ]
        }
      ]
    },
    {
      "mode": "managed",
      "type": "azurerm_resource_group",
      "name": "rg",
      "provider": "provider[\"registry.terraform.io/hashicorp/azurerm\"]",
      "instances": [
        {
          "schema_version": 0,
          "attributes": {
            "id": "/subscriptions/a8d9ce0d-259f-474d-8d48-10f4d89ba7de/resourceGroups/SkyVM1_rg",
            "location": "norwayeast",
            "managed_by": "",
            "name": "SkyVM1_rg",
            "tags": {},
            "timeouts": null
          },
          "sensitive_attributes": [],
          "private": "eyJlMmJmYjczMC1lY2FhLTExZTYtOGY4OC0zNDM2M2JjN2M0YzAiOnsiY3JlYXRlIjo1NDAwMDAwMDAwMDAwLCJkZWxldGUiOjU0MDAwMDAwMDAwMDAsInJlYWQiOjMwMDAwMDAwMDAwMCwidXBkYXRlIjo1NDAwMDAwMDAwMDAwfX0="
        }
      ]
    },
    {
      "mode": "managed",
      "type": "azurerm_subnet",
      "name": "subnet",
      "provider": "provider[\"registry.terraform.io/hashicorp/azurerm\"]",
      "instances": [
        {
          "schema_version": 0,
          "attributes": {
            "address_prefixes": [
              "10.0.1.0/24"
            ],
            "default_outbound_access_enabled": true,
            "delegation": [],
            "id": "/subscriptions/a8d9ce0d-259f-474d-8d48-10f4d89ba7de/resourceGroups/SkyVM1_rg/providers/Microsoft.Network/virtualNetworks/SkyVM1_vnet/subnets/SkyVM1_subnet",
            "name": "SkyVM1_subnet",
            "private_endpoint_network_policies": "Disabled",
            "private_link_service_network_policies_enabled": true,
            "resource_group_name": "SkyVM1_rg",
            "service_endpoint_policy_ids": [],
            "service_endpoints": [],
            "timeouts": null,
            "virtual_network_name": "SkyVM1_vnet"
          },
          "sensitive_attributes": [],
          "private": "eyJlMmJmYjczMC1lY2FhLTExZTYtOGY4OC0zNDM2M2JjN2M0YzAiOnsiY3JlYXRlIjoxODAwMDAwMDAwMDAwLCJkZWxldGUiOjE4MDAwMDAwMDAwMDAsInJlYWQiOjMwMDAwMDAwMDAwMCwidXBkYXRlIjoxODAwMDAwMDAwMDAwfX0=",
          "dependencies": [
            "azurerm_resource_group.rg",
            "azurerm_virtual_network.vnet"
          ]
        }
      ]
    },
    {
      "mode": "managed",
      "type": "azurerm_virtual_machine_extension",
      "name": "my_vm_extension",
      "provider": "provider[\"registry.terraform.io/hashicorp/azurerm\"]",
      "instances": [
        {
          "schema_version": 0,
          "attributes": {
            "auto_upgrade_minor_version": false,
            "automatic_upgrade_enabled": false,
            "failure_suppression_enabled": false,
            "id": "/subscriptions/a8d9ce0d-259f-474d-8d48-10f4d89ba7de/resourceGroups/SkyVM1_rg/providers/Microsoft.Compute/virtualMachines/SkyVM1/extensions/Nginx",
            "name": "Nginx",
            "protected_settings": null,
            "protected_settings_from_key_vault": [],
            "provision_after_extensions": [],
            "publisher": "Microsoft.Azure.Extensions",
            "settings": "{\"commandToExecute\":\"sudo apt-get update \\u0026\\u0026 sudo apt-get install nginx -y \\u0026\\u0026 echo \\\"Hello World from $(hostname)\\\" \\u003e /var/www/html/index.html \\u0026\\u0026 sudo systemctl restart nginx\"}",
            "tags": {},
            "timeouts": null,
            "type": "CustomScript",
            "type_handler_version": "2.0",
            "virtual_machine_id": "/subscriptions/a8d9ce0d-259f-474d-8d48-10f4d89ba7de/resourceGroups/SkyVM1_rg/providers/Microsoft.Compute/virtualMachines/SkyVM1"
          },
          "sensitive_attributes": [
            [
              {
                "type": "get_attr",
                "value": "protected_settings"
              }
            ]
          ],
          "private": "eyJlMmJmYjczMC1lY2FhLTExZTYtOGY4OC0zNDM2M2JjN2M0YzAiOnsiY3JlYXRlIjoxODAwMDAwMDAwMDAwLCJkZWxldGUiOjE4MDAwMDAwMDAwMDAsInJlYWQiOjMwMDAwMDAwMDAwMCwidXBkYXRlIjoxODAwMDAwMDAwMDAwfX0=",
          "dependencies": [
            "azurerm_linux_virtual_machine.vm",
            "azurerm_network_interface.nic",
            "azurerm_public_ip.publicIP",
            "azurerm_resource_group.rg",
            "azurerm_subnet.subnet",
            "azurerm_virtual_network.vnet"
          ]
        }
      ]
    },
    {
      "mode": "managed",
      "type": "azurerm_virtual_network",
      "name": "vnet",
      "provider": "provider[\"registry.terraform.io/hashicorp/azurerm\"]",
      "instances": [
        {
          "schema_version": 0,
          "attributes": {
            "address_space": [
              "10.0.0.0/16"
            ],
            "bgp_community": "",
            "ddos_protection_plan": [],
            "dns_servers": [],
            "edge_zone": "",
            "encryption": [],
            "flow_timeout_in_minutes": 0,
            "guid": "3fe789f5-8734-4f8e-a4d7-e6f7edc175ad",
            "id": "/subscriptions/a8d9ce0d-259f-474d-8d48-10f4d89ba7de/resourceGroups/SkyVM1_rg/providers/Microsoft.Network/virtualNetworks/SkyVM1_vnet",
            "location": "norwayeast",
            "name": "SkyVM1_vnet",
            "resource_group_name": "SkyVM1_rg",
            "subnet": [
              {
                "address_prefixes": [
                  "10.0.1.0/24"
                ],
                "default_outbound_access_enabled": true,
                "delegation": [],
                "id": "/subscriptions/a8d9ce0d-259f-474d-8d48-10f4d89ba7de/resourceGroups/SkyVM1_rg/providers/Microsoft.Network/virtualNetworks/SkyVM1_vnet/subnets/SkyVM1_subnet",
                "name": "SkyVM1_subnet",
                "private_endpoint_network_policies": "Disabled",
                "private_link_service_network_policies_enabled": true,
                "route_table_id": "",
                "security_group": "",
                "service_endpoint_policy_ids": [],
                "service_endpoints": []
              }
            ],
            "tags": {},
            "timeouts": null
          },
          "sensitive_attributes": [],
          "private": "eyJlMmJmYjczMC1lY2FhLTExZTYtOGY4OC0zNDM2M2JjN2M0YzAiOnsiY3JlYXRlIjoxODAwMDAwMDAwMDAwLCJkZWxldGUiOjE4MDAwMDAwMDAwMDAsInJlYWQiOjMwMDAwMDAwMDAwMCwidXBkYXRlIjoxODAwMDAwMDAwMDAwfX0=",
          "dependencies": [
            "azurerm_resource_group.rg"
          ]
        }
      ]
    }
  ],
  "check_results": null
}
