{
  "version": 4,
  "terraform_version": "1.9.7",
  "serial": 34,
  "lineage": "08f2630a-7441-c4ce-4a29-6507ae7a5574",
  "outputs": {
    "public_ip_address": {
      "value": "51.107.221.163",
      "type": "string"
    }
  },
  "resources": [
    {
      "mode": "managed",
      "type": "azurerm_network_security_group",
      "name": "nsg",
      "provider": "provider[\"registry.terraform.io/hashicorp/azurerm\"]",
      "instances": [
        {
          "schema_version": 0,
          "attributes": {
            "id": "/subscriptions/a8d9ce0d-259f-474d-8d48-10f4d89ba7de/resourceGroups/SkyVM1_rg/providers/Microsoft.Network/networkSecurityGroups/SkyVM2_nsg",
            "location": "norwayeast",
            "name": "SkyVM2_nsg",
            "resource_group_name": "SkyVM1_rg",
            "security_rule": [
              {
                "access": "Allow",
                "description": "",
                "destination_address_prefix": "*",
                "destination_address_prefixes": [],
                "destination_application_security_group_ids": [],
                "destination_port_range": "22",
                "destination_port_ranges": [],
                "direction": "Inbound",
                "name": "AllowSSH",
                "priority": 1001,
                "protocol": "Tcp",
                "source_address_prefix": "*",
                "source_address_prefixes": [],
                "source_application_security_group_ids": [],
                "source_port_range": "*",
                "source_port_ranges": []
              },
              {
                "access": "Allow",
                "description": "",
                "destination_address_prefix": "*",
                "destination_address_prefixes": [],
                "destination_application_security_group_ids": [],
                "destination_port_range": "80",
                "destination_port_ranges": [],
                "direction": "Inbound",
                "name": "AllowHTTP",
                "priority": 1002,
                "protocol": "Tcp",
                "source_address_prefix": "*",
                "source_address_prefixes": [],
                "source_application_security_group_ids": [],
                "source_port_range": "*",
                "source_port_ranges": []
              }
            ],
            "tags": {},
            "timeouts": null
          },
          "sensitive_attributes": [],
          "private": "eyJlMmJmYjczMC1lY2FhLTExZTYtOGY4OC0zNDM2M2JjN2M0YzAiOnsiY3JlYXRlIjoxODAwMDAwMDAwMDAwLCJkZWxldGUiOjE4MDAwMDAwMDAwMDAsInJlYWQiOjMwMDAwMDAwMDAwMCwidXBkYXRlIjoxODAwMDAwMDAwMDAwfX0=",
          "dependencies": [
            "azurerm_resource_group.rg"
          ]
        }
      ]
    },
    {
      "mode": "managed",
      "type": "azurerm_public_ip",
      "name": "publicIP",
      "provider": "provider[\"registry.terraform.io/hashicorp/azurerm\"]",
      "instances": [
        {
          "schema_version": 0,
          "attributes": {
            "allocation_method": "Static",
            "ddos_protection_mode": "VirtualNetworkInherited",
            "ddos_protection_plan_id": null,
            "domain_name_label": null,
            "edge_zone": "",
            "fqdn": null,
            "id": "/subscriptions/a8d9ce0d-259f-474d-8d48-10f4d89ba7de/resourceGroups/SkyVM1_rg/providers/Microsoft.Network/publicIPAddresses/SkyVM2_publicIP",
            "idle_timeout_in_minutes": 4,
            "ip_address": "51.107.221.163",
            "ip_tags": {},
            "ip_version": "IPv4",
            "location": "norwayeast",
            "name": "SkyVM2_publicIP",
            "public_ip_prefix_id": null,
            "resource_group_name": "SkyVM1_rg",
            "reverse_fqdn": null,
            "sku": "Standard",
            "sku_tier": "Regional",
            "tags": {},
            "timeouts": null,
            "zones": []
          },
          "sensitive_attributes": [],
          "private": "eyJlMmJmYjczMC1lY2FhLTExZTYtOGY4OC0zNDM2M2JjN2M0YzAiOnsiY3JlYXRlIjoxODAwMDAwMDAwMDAwLCJkZWxldGUiOjE4MDAwMDAwMDAwMDAsInJlYWQiOjMwMDAwMDAwMDAwMCwidXBkYXRlIjoxODAwMDAwMDAwMDAwfX0=",
          "dependencies": [
            "azurerm_resource_group.rg"
          ]
        }
      ]
    },
    {
      "mode": "managed",
      "type": "azurerm_resource_group",
      "name": "rg",
      "provider": "provider[\"registry.terraform.io/hashicorp/azurerm\"]",
      "instances": [
        {
          "schema_version": 0,
          "attributes": {
            "id": "/subscriptions/a8d9ce0d-259f-474d-8d48-10f4d89ba7de/resourceGroups/SkyVM1_rg",
            "location": "norwayeast",
            "managed_by": "",
            "name": "SkyVM1_rg",
            "tags": {},
            "timeouts": null
          },
          "sensitive_attributes": [],
          "private": "eyJlMmJmYjczMC1lY2FhLTExZTYtOGY4OC0zNDM2M2JjN2M0YzAiOnsiY3JlYXRlIjo1NDAwMDAwMDAwMDAwLCJkZWxldGUiOjU0MDAwMDAwMDAwMDAsInJlYWQiOjMwMDAwMDAwMDAwMCwidXBkYXRlIjo1NDAwMDAwMDAwMDAwfSwic2NoZW1hX3ZlcnNpb24iOiIwIn0="
        }
      ]
    },
    {
      "mode": "managed",
      "type": "azurerm_ssh_public_key",
      "name": "example",
      "provider": "provider[\"registry.terraform.io/hashicorp/azurerm\"]",
      "instances": [
        {
          "schema_version": 0,
          "attributes": {
            "id": "/subscriptions/a8d9ce0d-259f-474d-8d48-10f4d89ba7de/resourceGroups/SkyVM1_rg/providers/Microsoft.Compute/sshPublicKeys/SkyVM2_ssh_key",
            "location": "norwayeast",
            "name": "SkyVM2_ssh_key",
            "public_key": "ssh-rsa AAAAB3NzaC1yc2EAAAADAQABAAABgQCteyextti0Z1M1L6jiAi/7J30uxcmdoEiPPSeqVhOp0ltcABN4vHDDAHItn31zPEBxUr0jsJV8ZKTN/Mco1lIn56nyXaGoShGxefayhohY4x0UYDquzogqP1xPWJO2p24SezgF4qSuGCH2O4Wd/a2KFy3dW60IiU1Gx5rycMuUVBhyE25iyTnoByzfYvvfe7c4n/HwtG0sA9rdbvMVmOJUn9U9BGFZCsDsmGTt0AnP4uwCW0NpaGkHGBqWTLE01ddCR07tzl8Hda4TeYeNF/zNSxqqSIsfA7tdKQ/RL6SMFPZe7i09C+VuYT47f1jZ/ZnliGRo6M/I7NHIsxsGBaoL4tzQLApDXEeWciRQXuNjnrZzSkToYtoSWKJCDxbvhTL5tP9iwspUm6qpFimCI95mewWbyjpo3NsjYJac7Za8n+WggpCWLgkKH5a/jjEYPZnGw7b908wC7zmzlW/4t62b4YAkXS1ug3pRLyIf6lTB0pWOCe+ga45zH2474oNUdVc= martin@DESKTOP-OKRSSGT\r\n",
            "resource_group_name": "SkyVM1_rg",
            "tags": {},
            "timeouts": null
          },
          "sensitive_attributes": [],
          "private": "eyJlMmJmYjczMC1lY2FhLTExZTYtOGY4OC0zNDM2M2JjN2M0YzAiOnsiY3JlYXRlIjoyNzAwMDAwMDAwMDAwLCJkZWxldGUiOjI3MDAwMDAwMDAwMDAsInJlYWQiOjMwMDAwMDAwMDAwMCwidXBkYXRlIjoyNzAwMDAwMDAwMDAwfX0=",
          "dependencies": [
            "azurerm_resource_group.rg"
          ]
        }
      ]
    },
    {
      "mode": "managed",
      "type": "azurerm_subnet",
      "name": "subnet",
      "provider": "provider[\"registry.terraform.io/hashicorp/azurerm\"]",
      "instances": [
        {
          "schema_version": 0,
          "attributes": {
            "address_prefixes": [
              "10.0.1.0/24"
            ],
            "default_outbound_access_enabled": true,
            "delegation": [],
            "id": "/subscriptions/a8d9ce0d-259f-474d-8d48-10f4d89ba7de/resourceGroups/SkyVM1_rg/providers/Microsoft.Network/virtualNetworks/SkyVM1_vnet/subnets/SkyVM1_subnet",
            "name": "SkyVM1_subnet",
            "private_endpoint_network_policies": "Disabled",
            "private_link_service_network_policies_enabled": true,
            "resource_group_name": "SkyVM1_rg",
            "service_endpoint_policy_ids": [],
            "service_endpoints": [],
            "timeouts": null,
            "virtual_network_name": "SkyVM1_vnet"
          },
          "sensitive_attributes": [],
          "private": "eyJlMmJmYjczMC1lY2FhLTExZTYtOGY4OC0zNDM2M2JjN2M0YzAiOnsiY3JlYXRlIjoxODAwMDAwMDAwMDAwLCJkZWxldGUiOjE4MDAwMDAwMDAwMDAsInJlYWQiOjMwMDAwMDAwMDAwMCwidXBkYXRlIjoxODAwMDAwMDAwMDAwfSwic2NoZW1hX3ZlcnNpb24iOiIwIn0="
        }
      ]
    },
    {
      "mode": "managed",
      "type": "azurerm_virtual_network",
      "name": "vnet",
      "provider": "provider[\"registry.terraform.io/hashicorp/azurerm\"]",
      "instances": [
        {
          "schema_version": 0,
          "attributes": {
            "address_space": [
              "10.0.0.0/16"
            ],
            "bgp_community": "",
            "ddos_protection_plan": [],
            "dns_servers": [],
            "edge_zone": "",
            "encryption": [],
            "flow_timeout_in_minutes": 0,
            "guid": "3fe789f5-8734-4f8e-a4d7-e6f7edc175ad",
            "id": "/subscriptions/a8d9ce0d-259f-474d-8d48-10f4d89ba7de/resourceGroups/SkyVM1_rg/providers/Microsoft.Network/virtualNetworks/SkyVM1_vnet",
            "location": "norwayeast",
            "name": "SkyVM1_vnet",
            "resource_group_name": "SkyVM1_rg",
            "subnet": [
              {
                "address_prefixes": [
                  "10.0.1.0/24"
                ],
                "default_outbound_access_enabled": true,
                "delegation": [],
                "id": "/subscriptions/a8d9ce0d-259f-474d-8d48-10f4d89ba7de/resourceGroups/SkyVM1_rg/providers/Microsoft.Network/virtualNetworks/SkyVM1_vnet/subnets/SkyVM1_subnet",
                "name": "SkyVM1_subnet",
                "private_endpoint_network_policies": "Disabled",
                "private_link_service_network_policies_enabled": true,
                "route_table_id": "",
                "security_group": "",
                "service_endpoint_policy_ids": [],
                "service_endpoints": []
              }
            ],
            "tags": {},
            "timeouts": null
          },
          "sensitive_attributes": [],
          "private": "eyJlMmJmYjczMC1lY2FhLTExZTYtOGY4OC0zNDM2M2JjN2M0YzAiOnsiY3JlYXRlIjoxODAwMDAwMDAwMDAwLCJkZWxldGUiOjE4MDAwMDAwMDAwMDAsInJlYWQiOjMwMDAwMDAwMDAwMCwidXBkYXRlIjoxODAwMDAwMDAwMDAwfSwic2NoZW1hX3ZlcnNpb24iOiIwIn0=",
          "dependencies": [
            "azurerm_resource_group.rg"
          ]
        }
      ]
    }
  ],
  "check_results": null
}
