{
  "version": 4,
  "terraform_version": "1.9.7",
  "serial": 240,
  "lineage": "f05105f7-020e-7ffc-aab2-b2f4994d0cbd",
  "outputs": {
    "test": {
      "value": "/subscriptions/a8d9ce0d-259f-474d-8d48-10f4d89ba7de/resourceGroups/SkyVM_rg/providers/Microsoft.Network/virtualNetworks/VirtualNetwork/subnets/Subnet",
      "type": "string"
    }
  },
  "resources": [
    {
      "mode": "managed",
      "type": "azurerm_resource_group",
      "name": "rg",
      "provider": "provider[\"registry.terraform.io/hashicorp/azurerm\"]",
      "instances": [
        {
          "schema_version": 0,
          "attributes": {
            "id": "/subscriptions/a8d9ce0d-259f-474d-8d48-10f4d89ba7de/resourceGroups/SkyVM_rg",
            "location": "norwayeast",
            "managed_by": "",
            "name": "SkyVM_rg",
            "tags": null,
            "timeouts": null
          },
          "sensitive_attributes": [],
          "private": "eyJlMmJmYjczMC1lY2FhLTExZTYtOGY4OC0zNDM2M2JjN2M0YzAiOnsiY3JlYXRlIjo1NDAwMDAwMDAwMDAwLCJkZWxldGUiOjU0MDAwMDAwMDAwMDAsInJlYWQiOjMwMDAwMDAwMDAwMCwidXBkYXRlIjo1NDAwMDAwMDAwMDAwfX0="
        }
      ]
    },
    {
      "module": "module.LoadBalancer",
      "mode": "managed",
      "type": "azurerm_lb",
      "name": "lb",
      "provider": "provider[\"registry.terraform.io/hashicorp/azurerm\"]",
      "instances": [
        {
          "schema_version": 0,
          "attributes": {
            "edge_zone": "",
            "frontend_ip_configuration": [
              {
                "gateway_load_balancer_frontend_ip_configuration_id": "",
                "id": "/subscriptions/a8d9ce0d-259f-474d-8d48-10f4d89ba7de/resourceGroups/SkyVM_rg/providers/Microsoft.Network/loadBalancers/LoadBalancer/frontendIPConfigurations/PublicIP1",
                "inbound_nat_rules": [],
                "load_balancer_rules": [],
                "name": "PublicIP1",
                "outbound_rules": [],
                "private_ip_address": "10.0.0.4",
                "private_ip_address_allocation": "Dynamic",
                "private_ip_address_version": "IPv4",
                "public_ip_address_id": "",
                "public_ip_prefix_id": "",
                "subnet_id": "/subscriptions/a8d9ce0d-259f-474d-8d48-10f4d89ba7de/resourceGroups/SkyVM_rg/providers/Microsoft.Network/virtualNetworks/VirtualNetwork/subnets/Subnet",
                "zones": null
              }
            ],
            "id": "/subscriptions/a8d9ce0d-259f-474d-8d48-10f4d89ba7de/resourceGroups/SkyVM_rg/providers/Microsoft.Network/loadBalancers/LoadBalancer",
            "location": "norwayeast",
            "name": "LoadBalancer",
            "private_ip_address": "10.0.0.4",
            "private_ip_addresses": [
              "10.0.0.4"
            ],
            "resource_group_name": "SkyVM_rg",
            "sku": "Standard",
            "sku_tier": "Regional",
            "tags": null,
            "timeouts": null
          },
          "sensitive_attributes": [],
          "private": "eyJlMmJmYjczMC1lY2FhLTExZTYtOGY4OC0zNDM2M2JjN2M0YzAiOnsiY3JlYXRlIjoxODAwMDAwMDAwMDAwLCJkZWxldGUiOjE4MDAwMDAwMDAwMDAsInJlYWQiOjMwMDAwMDAwMDAwMCwidXBkYXRlIjoxODAwMDAwMDAwMDAwfX0=",
          "dependencies": [
            "azurerm_resource_group.rg",
            "module.Nettverk.azurerm_network_interface.Interface",
            "module.Nettverk.azurerm_network_interface_security_group_association.nsg_association",
            "module.Nettverk.azurerm_network_security_group.nsg",
            "module.Nettverk.azurerm_subnet.Subnet",
            "module.Nettverk.azurerm_virtual_network.Nettverk"
          ]
        }
      ]
    },
    {
      "module": "module.LoadBalancer",
      "mode": "managed",
      "type": "azurerm_lb_backend_address_pool",
      "name": "bpepool",
      "provider": "provider[\"registry.terraform.io/hashicorp/azurerm\"]",
      "instances": [
        {
          "schema_version": 0,
          "attributes": {
            "backend_ip_configurations": [],
            "id": "/subscriptions/a8d9ce0d-259f-474d-8d48-10f4d89ba7de/resourceGroups/SkyVM_rg/providers/Microsoft.Network/loadBalancers/LoadBalancer/backendAddressPools/BackEndAddressPool",
            "inbound_nat_rules": [],
            "load_balancing_rules": [],
            "loadbalancer_id": "/subscriptions/a8d9ce0d-259f-474d-8d48-10f4d89ba7de/resourceGroups/SkyVM_rg/providers/Microsoft.Network/loadBalancers/LoadBalancer",
            "name": "BackEndAddressPool",
            "outbound_rules": [],
            "synchronous_mode": "",
            "timeouts": null,
            "tunnel_interface": [],
            "virtual_network_id": ""
          },
          "sensitive_attributes": [],
          "private": "eyJlMmJmYjczMC1lY2FhLTExZTYtOGY4OC0zNDM2M2JjN2M0YzAiOnsiY3JlYXRlIjoxODAwMDAwMDAwMDAwLCJkZWxldGUiOjE4MDAwMDAwMDAwMDAsInJlYWQiOjMwMDAwMDAwMDAwMCwidXBkYXRlIjoxODAwMDAwMDAwMDAwfX0=",
          "dependencies": [
            "azurerm_resource_group.rg",
            "module.LoadBalancer.azurerm_lb.lb",
            "module.Nettverk.azurerm_network_interface.Interface",
            "module.Nettverk.azurerm_network_interface_security_group_association.nsg_association",
            "module.Nettverk.azurerm_network_security_group.nsg",
            "module.Nettverk.azurerm_subnet.Subnet",
            "module.Nettverk.azurerm_virtual_network.Nettverk"
          ]
        }
      ]
    },
    {
      "module": "module.LoadBalancer",
      "mode": "managed",
      "type": "azurerm_lb_probe",
      "name": "probe",
      "provider": "provider[\"registry.terraform.io/hashicorp/azurerm\"]",
      "instances": [
        {
          "schema_version": 0,
          "attributes": {
            "id": "/subscriptions/a8d9ce0d-259f-474d-8d48-10f4d89ba7de/resourceGroups/SkyVM_rg/providers/Microsoft.Network/loadBalancers/LoadBalancer/probes/tcp-probe",
            "interval_in_seconds": 15,
            "load_balancer_rules": [],
            "loadbalancer_id": "/subscriptions/a8d9ce0d-259f-474d-8d48-10f4d89ba7de/resourceGroups/SkyVM_rg/providers/Microsoft.Network/loadBalancers/LoadBalancer",
            "name": "tcp-probe",
            "number_of_probes": 2,
            "port": 3306,
            "probe_threshold": 1,
            "protocol": "Tcp",
            "request_path": "",
            "timeouts": null
          },
          "sensitive_attributes": [],
          "private": "eyJlMmJmYjczMC1lY2FhLTExZTYtOGY4OC0zNDM2M2JjN2M0YzAiOnsiY3JlYXRlIjoxODAwMDAwMDAwMDAwLCJkZWxldGUiOjE4MDAwMDAwMDAwMDAsInJlYWQiOjMwMDAwMDAwMDAwMCwidXBkYXRlIjoxODAwMDAwMDAwMDAwfX0=",
          "dependencies": [
            "azurerm_resource_group.rg",
            "module.LoadBalancer.azurerm_lb.lb",
            "module.Nettverk.azurerm_network_interface.Interface",
            "module.Nettverk.azurerm_network_interface_security_group_association.nsg_association",
            "module.Nettverk.azurerm_network_security_group.nsg",
            "module.Nettverk.azurerm_subnet.Subnet",
            "module.Nettverk.azurerm_virtual_network.Nettverk"
          ]
        }
      ]
    },
    {
      "module": "module.LoadBalancer",
      "mode": "managed",
      "type": "azurerm_lb_rule",
      "name": "lb_rule",
      "provider": "provider[\"registry.terraform.io/hashicorp/azurerm\"]",
      "instances": [
        {
          "schema_version": 0,
          "attributes": {
            "backend_address_pool_ids": [
              "/subscriptions/a8d9ce0d-259f-474d-8d48-10f4d89ba7de/resourceGroups/SkyVM_rg/providers/Microsoft.Network/loadBalancers/LoadBalancer/backendAddressPools/BackEndAddressPool"
            ],
            "backend_port": 3306,
            "disable_outbound_snat": false,
            "enable_floating_ip": false,
            "enable_tcp_reset": false,
            "frontend_ip_configuration_id": "/subscriptions/a8d9ce0d-259f-474d-8d48-10f4d89ba7de/resourceGroups/SkyVM_rg/providers/Microsoft.Network/loadBalancers/LoadBalancer/frontendIPConfigurations/PublicIP1",
            "frontend_ip_configuration_name": "PublicIP1",
            "frontend_port": 3306,
            "id": "/subscriptions/a8d9ce0d-259f-474d-8d48-10f4d89ba7de/resourceGroups/SkyVM_rg/providers/Microsoft.Network/loadBalancers/LoadBalancer/loadBalancingRules/LBRule",
            "idle_timeout_in_minutes": 4,
            "load_distribution": "Default",
            "loadbalancer_id": "/subscriptions/a8d9ce0d-259f-474d-8d48-10f4d89ba7de/resourceGroups/SkyVM_rg/providers/Microsoft.Network/loadBalancers/LoadBalancer",
            "name": "LBRule",
            "probe_id": "/subscriptions/a8d9ce0d-259f-474d-8d48-10f4d89ba7de/resourceGroups/SkyVM_rg/providers/Microsoft.Network/loadBalancers/LoadBalancer/probes/tcp-probe",
            "protocol": "Tcp",
            "timeouts": null
          },
          "sensitive_attributes": [],
          "private": "eyJlMmJmYjczMC1lY2FhLTExZTYtOGY4OC0zNDM2M2JjN2M0YzAiOnsiY3JlYXRlIjoxODAwMDAwMDAwMDAwLCJkZWxldGUiOjE4MDAwMDAwMDAwMDAsInJlYWQiOjMwMDAwMDAwMDAwMCwidXBkYXRlIjoxODAwMDAwMDAwMDAwfX0=",
          "dependencies": [
            "azurerm_resource_group.rg",
            "module.LoadBalancer.azurerm_lb.lb",
            "module.LoadBalancer.azurerm_lb_backend_address_pool.bpepool",
            "module.LoadBalancer.azurerm_lb_probe.probe",
            "module.Nettverk.azurerm_network_interface.Interface",
            "module.Nettverk.azurerm_network_interface_security_group_association.nsg_association",
            "module.Nettverk.azurerm_network_security_group.nsg",
            "module.Nettverk.azurerm_subnet.Subnet",
            "module.Nettverk.azurerm_virtual_network.Nettverk"
          ]
        }
      ]
    },
    {
      "module": "module.Nettverk",
      "mode": "managed",
      "type": "azurerm_network_interface",
      "name": "Interface",
      "provider": "provider[\"registry.terraform.io/hashicorp/azurerm\"]",
      "instances": [
        {
          "schema_version": 0,
          "attributes": {
            "accelerated_networking_enabled": false,
            "applied_dns_servers": [],
            "auxiliary_mode": "",
            "auxiliary_sku": "",
            "dns_servers": null,
            "edge_zone": "",
            "id": "/subscriptions/a8d9ce0d-259f-474d-8d48-10f4d89ba7de/resourceGroups/SkyVM_rg/providers/Microsoft.Network/networkInterfaces/Interface",
            "internal_dns_name_label": "",
            "internal_domain_name_suffix": "wgp0jdljkdaezmmxtetsxzh4hf.oslx.internal.cloudapp.net",
            "ip_configuration": [
              {
                "gateway_load_balancer_frontend_ip_configuration_id": "",
                "name": "IP1",
                "primary": true,
                "private_ip_address": "10.0.0.5",
                "private_ip_address_allocation": "Static",
                "private_ip_address_version": "IPv4",
                "public_ip_address_id": "",
                "subnet_id": "/subscriptions/a8d9ce0d-259f-474d-8d48-10f4d89ba7de/resourceGroups/SkyVM_rg/providers/Microsoft.Network/virtualNetworks/VirtualNetwork/subnets/Subnet"
              }
            ],
            "ip_forwarding_enabled": false,
            "location": "norwayeast",
            "mac_address": "",
            "name": "Interface",
            "private_ip_address": "10.0.0.5",
            "private_ip_addresses": [
              "10.0.0.5"
            ],
            "resource_group_name": "SkyVM_rg",
            "tags": null,
            "timeouts": null,
            "virtual_machine_id": ""
          },
          "sensitive_attributes": [],
          "private": "eyJlMmJmYjczMC1lY2FhLTExZTYtOGY4OC0zNDM2M2JjN2M0YzAiOnsiY3JlYXRlIjoxODAwMDAwMDAwMDAwLCJkZWxldGUiOjE4MDAwMDAwMDAwMDAsInJlYWQiOjMwMDAwMDAwMDAwMCwidXBkYXRlIjoxODAwMDAwMDAwMDAwfX0=",
          "dependencies": [
            "azurerm_resource_group.rg",
            "module.Nettverk.azurerm_subnet.Subnet",
            "module.Nettverk.azurerm_virtual_network.Nettverk"
          ]
        }
      ]
    },
    {
      "module": "module.Nettverk",
      "mode": "managed",
      "type": "azurerm_network_interface_security_group_association",
      "name": "nsg_association",
      "provider": "provider[\"registry.terraform.io/hashicorp/azurerm\"]",
      "instances": [
        {
          "schema_version": 0,
          "attributes": {
            "id": "/subscriptions/a8d9ce0d-259f-474d-8d48-10f4d89ba7de/resourceGroups/SkyVM_rg/providers/Microsoft.Network/networkInterfaces/Interface|/subscriptions/a8d9ce0d-259f-474d-8d48-10f4d89ba7de/resourceGroups/SkyVM_rg/providers/Microsoft.Network/networkSecurityGroups/NSG",
            "network_interface_id": "/subscriptions/a8d9ce0d-259f-474d-8d48-10f4d89ba7de/resourceGroups/SkyVM_rg/providers/Microsoft.Network/networkInterfaces/Interface",
            "network_security_group_id": "/subscriptions/a8d9ce0d-259f-474d-8d48-10f4d89ba7de/resourceGroups/SkyVM_rg/providers/Microsoft.Network/networkSecurityGroups/NSG",
            "timeouts": null
          },
          "sensitive_attributes": [],
          "private": "eyJlMmJmYjczMC1lY2FhLTExZTYtOGY4OC0zNDM2M2JjN2M0YzAiOnsiY3JlYXRlIjoxODAwMDAwMDAwMDAwLCJkZWxldGUiOjE4MDAwMDAwMDAwMDAsInJlYWQiOjMwMDAwMDAwMDAwMH19",
          "dependencies": [
            "azurerm_resource_group.rg",
            "module.Nettverk.azurerm_network_interface.Interface",
            "module.Nettverk.azurerm_network_security_group.nsg",
            "module.Nettverk.azurerm_subnet.Subnet",
            "module.Nettverk.azurerm_virtual_network.Nettverk"
          ]
        }
      ]
    },
    {
      "module": "module.Nettverk",
      "mode": "managed",
      "type": "azurerm_network_security_group",
      "name": "nsg",
      "provider": "provider[\"registry.terraform.io/hashicorp/azurerm\"]",
      "instances": [
        {
          "schema_version": 0,
          "attributes": {
            "id": "/subscriptions/a8d9ce0d-259f-474d-8d48-10f4d89ba7de/resourceGroups/SkyVM_rg/providers/Microsoft.Network/networkSecurityGroups/NSG",
            "location": "norwayeast",
            "name": "NSG",
            "resource_group_name": "SkyVM_rg",
            "security_rule": [
              {
                "access": "Allow",
                "description": "",
                "destination_address_prefix": "*",
                "destination_address_prefixes": [],
                "destination_application_security_group_ids": [],
                "destination_port_range": "22",
                "destination_port_ranges": [],
                "direction": "Inbound",
                "name": "AllowSSH",
                "priority": 1001,
                "protocol": "Tcp",
                "source_address_prefix": "*",
                "source_address_prefixes": [],
                "source_application_security_group_ids": [],
                "source_port_range": "*",
                "source_port_ranges": []
              },
              {
                "access": "Allow",
                "description": "",
                "destination_address_prefix": "*",
                "destination_address_prefixes": [],
                "destination_application_security_group_ids": [],
                "destination_port_range": "80",
                "destination_port_ranges": [],
                "direction": "Inbound",
                "name": "AllowHTTP",
                "priority": 1002,
                "protocol": "Tcp",
                "source_address_prefix": "*",
                "source_address_prefixes": [],
                "source_application_security_group_ids": [],
                "source_port_range": "*",
                "source_port_ranges": []
              }
            ],
            "tags": null,
            "timeouts": null
          },
          "sensitive_attributes": [],
          "private": "eyJlMmJmYjczMC1lY2FhLTExZTYtOGY4OC0zNDM2M2JjN2M0YzAiOnsiY3JlYXRlIjoxODAwMDAwMDAwMDAwLCJkZWxldGUiOjE4MDAwMDAwMDAwMDAsInJlYWQiOjMwMDAwMDAwMDAwMCwidXBkYXRlIjoxODAwMDAwMDAwMDAwfX0=",
          "dependencies": [
            "azurerm_resource_group.rg"
          ]
        }
      ]
    },
    {
      "module": "module.Nettverk",
      "mode": "managed",
      "type": "azurerm_subnet",
      "name": "Subnet",
      "provider": "provider[\"registry.terraform.io/hashicorp/azurerm\"]",
      "instances": [
        {
          "schema_version": 0,
          "attributes": {
            "address_prefixes": [
              "10.0.0.0/26"
            ],
            "default_outbound_access_enabled": true,
            "delegation": [],
            "id": "/subscriptions/a8d9ce0d-259f-474d-8d48-10f4d89ba7de/resourceGroups/SkyVM_rg/providers/Microsoft.Network/virtualNetworks/VirtualNetwork/subnets/Subnet",
            "name": "Subnet",
            "private_endpoint_network_policies": "Disabled",
            "private_link_service_network_policies_enabled": true,
            "resource_group_name": "SkyVM_rg",
            "service_endpoint_policy_ids": null,
            "service_endpoints": null,
            "timeouts": null,
            "virtual_network_name": "VirtualNetwork"
          },
          "sensitive_attributes": [],
          "private": "eyJlMmJmYjczMC1lY2FhLTExZTYtOGY4OC0zNDM2M2JjN2M0YzAiOnsiY3JlYXRlIjoxODAwMDAwMDAwMDAwLCJkZWxldGUiOjE4MDAwMDAwMDAwMDAsInJlYWQiOjMwMDAwMDAwMDAwMCwidXBkYXRlIjoxODAwMDAwMDAwMDAwfX0=",
          "dependencies": [
            "azurerm_resource_group.rg",
            "module.Nettverk.azurerm_virtual_network.Nettverk"
          ]
        }
      ]
    },
    {
      "module": "module.Nettverk",
      "mode": "managed",
      "type": "azurerm_virtual_network",
      "name": "Nettverk",
      "provider": "provider[\"registry.terraform.io/hashicorp/azurerm\"]",
      "instances": [
        {
          "schema_version": 0,
          "attributes": {
            "address_space": [
              "10.0.0.0/24"
            ],
            "bgp_community": "",
            "ddos_protection_plan": [],
            "dns_servers": [],
            "edge_zone": "",
            "encryption": [],
            "flow_timeout_in_minutes": 0,
            "guid": "8da49fb1-5069-4cc0-b197-99272be4fe3d",
            "id": "/subscriptions/a8d9ce0d-259f-474d-8d48-10f4d89ba7de/resourceGroups/SkyVM_rg/providers/Microsoft.Network/virtualNetworks/VirtualNetwork",
            "location": "norwayeast",
            "name": "VirtualNetwork",
            "resource_group_name": "SkyVM_rg",
            "subnet": [],
            "tags": null,
            "timeouts": null
          },
          "sensitive_attributes": [],
          "private": "eyJlMmJmYjczMC1lY2FhLTExZTYtOGY4OC0zNDM2M2JjN2M0YzAiOnsiY3JlYXRlIjoxODAwMDAwMDAwMDAwLCJkZWxldGUiOjE4MDAwMDAwMDAwMDAsInJlYWQiOjMwMDAwMDAwMDAwMCwidXBkYXRlIjoxODAwMDAwMDAwMDAwfX0=",
          "dependencies": [
            "azurerm_resource_group.rg"
          ]
        }
      ]
    },
    {
      "module": "module.Webserver",
      "mode": "managed",
      "type": "azurerm_public_ip",
      "name": "publicIP",
      "provider": "provider[\"registry.terraform.io/hashicorp/azurerm\"]",
      "instances": [
        {
          "schema_version": 0,
          "attributes": {
            "allocation_method": "Static",
            "ddos_protection_mode": "VirtualNetworkInherited",
            "ddos_protection_plan_id": null,
            "domain_name_label": null,
            "domain_name_label_scope": null,
            "edge_zone": "",
            "fqdn": null,
            "id": "/subscriptions/a8d9ce0d-259f-474d-8d48-10f4d89ba7de/resourceGroups/SkyVM_rg/providers/Microsoft.Network/publicIPAddresses/PublicIP1",
            "idle_timeout_in_minutes": 4,
            "ip_address": "51.13.165.218",
            "ip_tags": null,
            "ip_version": "IPv4",
            "location": "norwayeast",
            "name": "PublicIP1",
            "public_ip_prefix_id": null,
            "resource_group_name": "SkyVM_rg",
            "reverse_fqdn": null,
            "sku": "Standard",
            "sku_tier": "Regional",
            "tags": null,
            "timeouts": null,
            "zones": null
          },
          "sensitive_attributes": [],
          "private": "eyJlMmJmYjczMC1lY2FhLTExZTYtOGY4OC0zNDM2M2JjN2M0YzAiOnsiY3JlYXRlIjoxODAwMDAwMDAwMDAwLCJkZWxldGUiOjE4MDAwMDAwMDAwMDAsInJlYWQiOjMwMDAwMDAwMDAwMCwidXBkYXRlIjoxODAwMDAwMDAwMDAwfX0=",
          "dependencies": [
            "azurerm_resource_group.rg",
            "module.Nettverk.azurerm_network_interface.Interface",
            "module.Nettverk.azurerm_network_interface_security_group_association.nsg_association",
            "module.Nettverk.azurerm_network_security_group.nsg",
            "module.Nettverk.azurerm_subnet.Subnet",
            "module.Nettverk.azurerm_virtual_network.Nettverk"
          ]
        }
      ]
    },
    {
      "module": "module.Webserver",
      "mode": "managed",
      "type": "azurerm_ssh_public_key",
      "name": "example",
      "provider": "provider[\"registry.terraform.io/hashicorp/azurerm\"]",
      "instances": [
        {
          "schema_version": 0,
          "attributes": {
            "id": "/subscriptions/a8d9ce0d-259f-474d-8d48-10f4d89ba7de/resourceGroups/SkyVM_rg/providers/Microsoft.Compute/sshPublicKeys/SSHPublickey",
            "location": "norwayeast",
            "name": "SSHPublickey",
            "public_key": "ssh-rsa AAAAB3NzaC1yc2EAAAADAQABAAABgQCteyextti0Z1M1L6jiAi/7J30uxcmdoEiPPSeqVhOp0ltcABN4vHDDAHItn31zPEBxUr0jsJV8ZKTN/Mco1lIn56nyXaGoShGxefayhohY4x0UYDquzogqP1xPWJO2p24SezgF4qSuGCH2O4Wd/a2KFy3dW60IiU1Gx5rycMuUVBhyE25iyTnoByzfYvvfe7c4n/HwtG0sA9rdbvMVmOJUn9U9BGFZCsDsmGTt0AnP4uwCW0NpaGkHGBqWTLE01ddCR07tzl8Hda4TeYeNF/zNSxqqSIsfA7tdKQ/RL6SMFPZe7i09C+VuYT47f1jZ/ZnliGRo6M/I7NHIsxsGBaoL4tzQLApDXEeWciRQXuNjnrZzSkToYtoSWKJCDxbvhTL5tP9iwspUm6qpFimCI95mewWbyjpo3NsjYJac7Za8n+WggpCWLgkKH5a/jjEYPZnGw7b908wC7zmzlW/4t62b4YAkXS1ug3pRLyIf6lTB0pWOCe+ga45zH2474oNUdVc= martin@DESKTOP-OKRSSGT\r\n",
            "resource_group_name": "SkyVM_rg",
            "tags": null,
            "timeouts": null
          },
          "sensitive_attributes": [],
          "private": "eyJlMmJmYjczMC1lY2FhLTExZTYtOGY4OC0zNDM2M2JjN2M0YzAiOnsiY3JlYXRlIjoyNzAwMDAwMDAwMDAwLCJkZWxldGUiOjI3MDAwMDAwMDAwMDAsInJlYWQiOjMwMDAwMDAwMDAwMCwidXBkYXRlIjoyNzAwMDAwMDAwMDAwfX0=",
          "dependencies": [
            "azurerm_resource_group.rg",
            "module.Nettverk.azurerm_network_interface.Interface",
            "module.Nettverk.azurerm_network_interface_security_group_association.nsg_association",
            "module.Nettverk.azurerm_network_security_group.nsg",
            "module.Nettverk.azurerm_subnet.Subnet",
            "module.Nettverk.azurerm_virtual_network.Nettverk"
          ]
        }
      ]
    }
  ],
  "check_results": null
}
